
Microsoft Visual Studio Solution File, Format Version 12.00
# Visual Studio Version 17
VisualStudioVersion = 17.1.32228.430
MinimumVisualStudioVersion = 10.0.40219.1
Project("{FAE04EC0-301F-11D3-BF4B-00C04F79EFBC}") = "WEB_API", "WEB_API\WEB_API.csproj", "{7E23C726-9D2B-4885-B194-1C8CFA48D8C2}"
EndProject
Project("{FAE04EC0-301F-11D3-BF4B-00C04F79EFBC}") = "DATA_LAYER", "DATA_LAYER\DATA_LAYER.csproj", "{28807C32-B1FD-4D0E-8359-9A1DA256FD3A}"
EndProject
Global
	GlobalSection(SolutionConfigurationPlatforms) = preSolution
		Debug|Any CPU = Debug|Any CPU
		Release|Any CPU = Release|Any CPU
	EndGlobalSection
	GlobalSection(ProjectConfigurationPlatforms) = postSolution
		{7E23C726-9D2B-4885-B194-1C8CFA48D8C2}.Debug|Any CPU.ActiveCfg = Debug|Any CPU
		{7E23C726-9D2B-4885-B194-1C8CFA48D8C2}.Debug|Any CPU.Build.0 = Debug|Any CPU
		{7E23C726-9D2B-4885-B194-1C8CFA48D8C2}.Release|Any CPU.ActiveCfg = Release|Any CPU
		{7E23C726-9D2B-4885-B194-1C8CFA48D8C2}.Release|Any CPU.Build.0 = Release|Any CPU
		{28807C32-B1FD-4D0E-8359-9A1DA256FD3A}.Debug|Any CPU.ActiveCfg = Debug|Any CPU
		{28807C32-B1FD-4D0E-8359-9A1DA256FD3A}.Debug|Any CPU.Build.0 = Debug|Any CPU
		{28807C32-B1FD-4D0E-8359-9A1DA256FD3A}.Release|Any CPU.ActiveCfg = Release|Any CPU
		{28807C32-B1FD-4D0E-8359-9A1DA256FD3A}.Release|Any CPU.Build.0 = Release|Any CPU
	EndGlobalSection
	GlobalSection(SolutionProperties) = preSolution
		HideSolutionNode = FALSE
	EndGlobalSection
	GlobalSection(ExtensibilityGlobals) = postSolution
		SolutionGuid = {F1A588FD-A561-441A-BA78-8FD0AE846038}
	EndGlobalSection
EndGlobal
